
Microsoft Visual Studio Solution File, Format Version 12.00
# Visual Studio Version 17
VisualStudioVersion = 17.9.34723.18
MinimumVisualStudioVersion = 10.0.40219.1
Project("{FAE04EC0-301F-11D3-BF4B-00C04F79EFBC}") = "BookShop_Online", "BookShop_Online.csproj", "{70B160B9-54EA-4A2B-8999-C78209DA1336}"
EndProject
Global
	GlobalSection(SolutionConfigurationPlatforms) = preSolution
		Debug|Any CPU = Debug|Any CPU
		Release|Any CPU = Release|Any CPU
	EndGlobalSection
	GlobalSection(ProjectConfigurationPlatforms) = postSolution
		{70B160B9-54EA-4A2B-8999-C78209DA1336}.Debug|Any CPU.ActiveCfg = Debug|Any CPU
		{70B160B9-54EA-4A2B-8999-C78209DA1336}.Debug|Any CPU.Build.0 = Debug|Any CPU
		{70B160B9-54EA-4A2B-8999-C78209DA1336}.Release|Any CPU.ActiveCfg = Release|Any CPU
		{70B160B9-54EA-4A2B-8999-C78209DA1336}.Release|Any CPU.Build.0 = Release|Any CPU
	EndGlobalSection
	GlobalSection(SolutionProperties) = preSolution
		HideSolutionNode = FALSE
	EndGlobalSection
	GlobalSection(ExtensibilityGlobals) = postSolution
		SolutionGuid = {C899B863-77A7-4D27-A96D-8ED61922CAD7}
	EndGlobalSection
EndGlobal
